// !$*UTF8*$!
{
	archiveVersion = 1;
	classes = {
	};
	objectVersion = 46;
	objects = {

/* Begin PBXBuildFile section */
		842374861D5083F900FFFE04 /* AppDelegate.swift in Sources */ = {isa = PBXBuildFile; fileRef = 842374851D5083F900FFFE04 /* AppDelegate.swift */; };
		8423748B1D5083FA00FFFE04 /* Main.storyboard in Resources */ = {isa = PBXBuildFile; fileRef = 842374891D5083FA00FFFE04 /* Main.storyboard */; };
		8423748D1D5083FA00FFFE04 /* Assets.xcassets in Resources */ = {isa = PBXBuildFile; fileRef = 8423748C1D5083FA00FFFE04 /* Assets.xcassets */; };
		842374901D5083FA00FFFE04 /* LaunchScreen.storyboard in Resources */ = {isa = PBXBuildFile; fileRef = 8423748E1D5083FA00FFFE04 /* LaunchScreen.storyboard */; };
		84617E931D55D26B00B4A627 /* CustomTableViewCell.swift in Sources */ = {isa = PBXBuildFile; fileRef = 84617E921D55D26B00B4A627 /* CustomTableViewCell.swift */; };
		8475AEA81D5196B900FECC5D /* ChampionDto.swift in Sources */ = {isa = PBXBuildFile; fileRef = 8475AEA71D5196B900FECC5D /* ChampionDto.swift */; };
		847767FE1D5437D2006E6E2B /* StatsDto.swift in Sources */ = {isa = PBXBuildFile; fileRef = 847767FD1D5437D2006E6E2B /* StatsDto.swift */; };
		847768001D5437F9006E6E2B /* ChampionSpellDto.swift in Sources */ = {isa = PBXBuildFile; fileRef = 847767FF1D5437F9006E6E2B /* ChampionSpellDto.swift */; };
		847768021D54381E006E6E2B /* SkinDto.swift in Sources */ = {isa = PBXBuildFile; fileRef = 847768011D54381E006E6E2B /* SkinDto.swift */; };
		847768041D544562006E6E2B /* OverviewController.swift in Sources */ = {isa = PBXBuildFile; fileRef = 847768031D544562006E6E2B /* OverviewController.swift */; };
		847768061D545661006E6E2B /* SpellsController.swift in Sources */ = {isa = PBXBuildFile; fileRef = 847768051D545661006E6E2B /* SpellsController.swift */; };
		84908A8D1D5585CB00335C90 /* StatsViewController.swift in Sources */ = {isa = PBXBuildFile; fileRef = 84908A8C1D5585CB00335C90 /* StatsViewController.swift */; };
		84908A8F1D558FE400335C90 /* ViewController.swift in Sources */ = {isa = PBXBuildFile; fileRef = 84908A8E1D558FE400335C90 /* ViewController.swift */; };
		84D94DD81D51E79B0012D8C8 /* CellItem.swift in Sources */ = {isa = PBXBuildFile; fileRef = 84D94DD71D51E79B0012D8C8 /* CellItem.swift */; };
		84E6D32F1D58323D002D9F11 /* CustomCollectionViewCell.swift in Sources */ = {isa = PBXBuildFile; fileRef = 84E6D32E1D58323D002D9F11 /* CustomCollectionViewCell.swift */; };
		84E6D3311D58329B002D9F11 /* SkinsController.swift in Sources */ = {isa = PBXBuildFile; fileRef = 84E6D3301D58329B002D9F11 /* SkinsController.swift */; };
		C784EA9B1D52FDCD003F930C /* MasterTableVC.swift in Sources */ = {isa = PBXBuildFile; fileRef = C784EA9A1D52FDCD003F930C /* MasterTableVC.swift */; };
		C79957021D51A9CA00F4615D /* ImageDto.swift in Sources */ = {isa = PBXBuildFile; fileRef = C79957011D51A9CA00F4615D /* ImageDto.swift */; };
		C79957041D51AA0300F4615D /* InfoDto.swift in Sources */ = {isa = PBXBuildFile; fileRef = C79957031D51AA0300F4615D /* InfoDto.swift */; };
		C945F504BB6E7BA6F54609A2 /* Pods_GuideOfLol.framework in Frameworks */ = {isa = PBXBuildFile; fileRef = B3DBE99A54E304958CE9B541 /* Pods_GuideOfLol.framework */; };
/* End PBXBuildFile section */

/* Begin PBXFileReference section */
		133DFCFB0CFCCB02A0D57EF8 /* Pods-GuideOfLol.release.xcconfig */ = {isa = PBXFileReference; includeInIndex = 1; lastKnownFileType = text.xcconfig; name = "Pods-GuideOfLol.release.xcconfig"; path = "Pods/Target Support Files/Pods-GuideOfLol/Pods-GuideOfLol.release.xcconfig"; sourceTree = "<group>"; };
		6C2A01A8180BB4EF966BBF37 /* Pods-GuideOfLol.debug.xcconfig */ = {isa = PBXFileReference; includeInIndex = 1; lastKnownFileType = text.xcconfig; name = "Pods-GuideOfLol.debug.xcconfig"; path = "Pods/Target Support Files/Pods-GuideOfLol/Pods-GuideOfLol.debug.xcconfig"; sourceTree = "<group>"; };
		842374821D5083F900FFFE04 /* GuideOfLol.app */ = {isa = PBXFileReference; explicitFileType = wrapper.application; includeInIndex = 0; path = GuideOfLol.app; sourceTree = BUILT_PRODUCTS_DIR; };
		842374851D5083F900FFFE04 /* AppDelegate.swift */ = {isa = PBXFileReference; lastKnownFileType = sourcecode.swift; path = AppDelegate.swift; sourceTree = "<group>"; };
		8423748A1D5083FA00FFFE04 /* Base */ = {isa = PBXFileReference; lastKnownFileType = file.storyboard; name = Base; path = Base.lproj/Main.storyboard; sourceTree = "<group>"; };
		8423748C1D5083FA00FFFE04 /* Assets.xcassets */ = {isa = PBXFileReference; lastKnownFileType = folder.assetcatalog; path = Assets.xcassets; sourceTree = "<group>"; };
		8423748F1D5083FA00FFFE04 /* Base */ = {isa = PBXFileReference; lastKnownFileType = file.storyboard; name = Base; path = Base.lproj/LaunchScreen.storyboard; sourceTree = "<group>"; };
		842374911D5083FA00FFFE04 /* Info.plist */ = {isa = PBXFileReference; lastKnownFileType = text.plist.xml; path = Info.plist; sourceTree = "<group>"; };
		84617E921D55D26B00B4A627 /* CustomTableViewCell.swift */ = {isa = PBXFileReference; fileEncoding = 4; lastKnownFileType = sourcecode.swift; path = CustomTableViewCell.swift; sourceTree = "<group>"; };
		8475AEA71D5196B900FECC5D /* ChampionDto.swift */ = {isa = PBXFileReference; fileEncoding = 4; lastKnownFileType = sourcecode.swift; path = ChampionDto.swift; sourceTree = "<group>"; };
		847767FD1D5437D2006E6E2B /* StatsDto.swift */ = {isa = PBXFileReference; fileEncoding = 4; lastKnownFileType = sourcecode.swift; path = StatsDto.swift; sourceTree = "<group>"; };
		847767FF1D5437F9006E6E2B /* ChampionSpellDto.swift */ = {isa = PBXFileReference; fileEncoding = 4; lastKnownFileType = sourcecode.swift; path = ChampionSpellDto.swift; sourceTree = "<group>"; };
		847768011D54381E006E6E2B /* SkinDto.swift */ = {isa = PBXFileReference; fileEncoding = 4; lastKnownFileType = sourcecode.swift; path = SkinDto.swift; sourceTree = "<group>"; };
		847768031D544562006E6E2B /* OverviewController.swift */ = {isa = PBXFileReference; fileEncoding = 4; lastKnownFileType = sourcecode.swift; path = OverviewController.swift; sourceTree = "<group>"; };
		847768051D545661006E6E2B /* SpellsController.swift */ = {isa = PBXFileReference; fileEncoding = 4; lastKnownFileType = sourcecode.swift; path = SpellsController.swift; sourceTree = "<group>"; };
		84908A8C1D5585CB00335C90 /* StatsViewController.swift */ = {isa = PBXFileReference; fileEncoding = 4; lastKnownFileType = sourcecode.swift; path = StatsViewController.swift; sourceTree = "<group>"; };
		84908A8E1D558FE400335C90 /* ViewController.swift */ = {isa = PBXFileReference; fileEncoding = 4; lastKnownFileType = sourcecode.swift; path = ViewController.swift; sourceTree = "<group>"; };
		84D94DD71D51E79B0012D8C8 /* CellItem.swift */ = {isa = PBXFileReference; fileEncoding = 4; lastKnownFileType = sourcecode.swift; path = CellItem.swift; sourceTree = "<group>"; };
		84E6D32E1D58323D002D9F11 /* CustomCollectionViewCell.swift */ = {isa = PBXFileReference; fileEncoding = 4; lastKnownFileType = sourcecode.swift; path = CustomCollectionViewCell.swift; sourceTree = "<group>"; };
		84E6D3301D58329B002D9F11 /* SkinsController.swift */ = {isa = PBXFileReference; fileEncoding = 4; lastKnownFileType = sourcecode.swift; path = SkinsController.swift; sourceTree = "<group>"; };
		B3DBE99A54E304958CE9B541 /* Pods_GuideOfLol.framework */ = {isa = PBXFileReference; explicitFileType = wrapper.framework; includeInIndex = 0; path = Pods_GuideOfLol.framework; sourceTree = BUILT_PRODUCTS_DIR; };
		C784EA9A1D52FDCD003F930C /* MasterTableVC.swift */ = {isa = PBXFileReference; fileEncoding = 4; lastKnownFileType = sourcecode.swift; path = MasterTableVC.swift; sourceTree = "<group>"; };
		C79957011D51A9CA00F4615D /* ImageDto.swift */ = {isa = PBXFileReference; fileEncoding = 4; lastKnownFileType = sourcecode.swift; path = ImageDto.swift; sourceTree = "<group>"; };
		C79957031D51AA0300F4615D /* InfoDto.swift */ = {isa = PBXFileReference; fileEncoding = 4; lastKnownFileType = sourcecode.swift; path = InfoDto.swift; sourceTree = "<group>"; };
/* End PBXFileReference section */

/* Begin PBXFrameworksBuildPhase section */
		8423747F1D5083F900FFFE04 /* Frameworks */ = {
			isa = PBXFrameworksBuildPhase;
			buildActionMask = 2147483647;
			files = (
				C945F504BB6E7BA6F54609A2 /* Pods_GuideOfLol.framework in Frameworks */,
			);
			runOnlyForDeploymentPostprocessing = 0;
		};
/* End PBXFrameworksBuildPhase section */

/* Begin PBXGroup section */
		42C9F5BB473C815C06CCEF06 /* Frameworks */ = {
			isa = PBXGroup;
			children = (
				B3DBE99A54E304958CE9B541 /* Pods_GuideOfLol.framework */,
			);
			name = Frameworks;
			sourceTree = "<group>";
		};
		842374791D5083F900FFFE04 = {
			isa = PBXGroup;
			children = (
				842374841D5083F900FFFE04 /* GuideOfLol */,
				842374831D5083F900FFFE04 /* Products */,
				9DA86DB6CD77776B22D40821 /* Pods */,
				42C9F5BB473C815C06CCEF06 /* Frameworks */,
			);
			sourceTree = "<group>";
		};
		842374831D5083F900FFFE04 /* Products */ = {
			isa = PBXGroup;
			children = (
				842374821D5083F900FFFE04 /* GuideOfLol.app */,
			);
			name = Products;
			sourceTree = "<group>";
		};
		842374841D5083F900FFFE04 /* GuideOfLol */ = {
			isa = PBXGroup;
			children = (
				8475AEA61D5195DD00FECC5D /* Model */,
				84D94DD71D51E79B0012D8C8 /* CellItem.swift */,
				84617E921D55D26B00B4A627 /* CustomTableViewCell.swift */,
				84908A8E1D558FE400335C90 /* ViewController.swift */,
				84908A8C1D5585CB00335C90 /* StatsViewController.swift */,
				847768031D544562006E6E2B /* OverviewController.swift */,
				C784EA9A1D52FDCD003F930C /* MasterTableVC.swift */,
				84E6D3301D58329B002D9F11 /* SkinsController.swift */,
				842374851D5083F900FFFE04 /* AppDelegate.swift */,
				84E6D32E1D58323D002D9F11 /* CustomCollectionViewCell.swift */,
				847768051D545661006E6E2B /* SpellsController.swift */,
				842374891D5083FA00FFFE04 /* Main.storyboard */,
				8423748C1D5083FA00FFFE04 /* Assets.xcassets */,
				8423748E1D5083FA00FFFE04 /* LaunchScreen.storyboard */,
				842374911D5083FA00FFFE04 /* Info.plist */,
			);
			path = GuideOfLol;
			sourceTree = "<group>";
		};
		8475AEA61D5195DD00FECC5D /* Model */ = {
			isa = PBXGroup;
			children = (
				8475AEA71D5196B900FECC5D /* ChampionDto.swift */,
				847768011D54381E006E6E2B /* SkinDto.swift */,
				847767FF1D5437F9006E6E2B /* ChampionSpellDto.swift */,
				C79957031D51AA0300F4615D /* InfoDto.swift */,
				C79957011D51A9CA00F4615D /* ImageDto.swift */,
				847767FD1D5437D2006E6E2B /* StatsDto.swift */,
			);
			name = Model;
			sourceTree = "<group>";
		};
		9DA86DB6CD77776B22D40821 /* Pods */ = {
			isa = PBXGroup;
			children = (
				6C2A01A8180BB4EF966BBF37 /* Pods-GuideOfLol.debug.xcconfig */,
				133DFCFB0CFCCB02A0D57EF8 /* Pods-GuideOfLol.release.xcconfig */,
			);
			name = Pods;
			sourceTree = "<group>";
		};
/* End PBXGroup section */

/* Begin PBXNativeTarget section */
		842374811D5083F900FFFE04 /* GuideOfLol */ = {
			isa = PBXNativeTarget;
			buildConfigurationList = 842374941D5083FA00FFFE04 /* Build configuration list for PBXNativeTarget "GuideOfLol" */;
			buildPhases = (
				33B995EFFB2E5717EA7BD908 /* [CP] Check Pods Manifest.lock */,
				8423747E1D5083F900FFFE04 /* Sources */,
				8423747F1D5083F900FFFE04 /* Frameworks */,
				842374801D5083F900FFFE04 /* Resources */,
				821CFA494C7D7DFFFF28F1BA /* [CP] Embed Pods Frameworks */,
				D8770F3FACDBEDB689F7FF0F /* [CP] Copy Pods Resources */,
			);
			buildRules = (
			);
			dependencies = (
			);
			name = GuideOfLol;
			productName = GuideOfLol;
			productReference = 842374821D5083F900FFFE04 /* GuideOfLol.app */;
			productType = "com.apple.product-type.application";
		};
/* End PBXNativeTarget section */

/* Begin PBXProject section */
		8423747A1D5083F900FFFE04 /* Project object */ = {
			isa = PBXProject;
			attributes = {
				LastSwiftUpdateCheck = 0730;
				LastUpgradeCheck = 0730;
				ORGANIZATIONNAME = MrNgoc;
				TargetAttributes = {
					842374811D5083F900FFFE04 = {
						CreatedOnToolsVersion = 7.3.1;
					};
				};
			};
			buildConfigurationList = 8423747D1D5083F900FFFE04 /* Build configuration list for PBXProject "GuideOfLol" */;
			compatibilityVersion = "Xcode 3.2";
			developmentRegion = English;
			hasScannedForEncodings = 0;
			knownRegions = (
				en,
				Base,
			);
			mainGroup = 842374791D5083F900FFFE04;
			productRefGroup = 842374831D5083F900FFFE04 /* Products */;
			projectDirPath = "";
			projectRoot = "";
			targets = (
				842374811D5083F900FFFE04 /* GuideOfLol */,
			);
		};
/* End PBXProject section */

/* Begin PBXResourcesBuildPhase section */
		842374801D5083F900FFFE04 /* Resources */ = {
			isa = PBXResourcesBuildPhase;
			buildActionMask = 2147483647;
			files = (
				842374901D5083FA00FFFE04 /* LaunchScreen.storyboard in Resources */,
				8423748D1D5083FA00FFFE04 /* Assets.xcassets in Resources */,
				8423748B1D5083FA00FFFE04 /* Main.storyboard in Resources */,
			);
			runOnlyForDeploymentPostprocessing = 0;
		};
/* End PBXResourcesBuildPhase section */

/* Begin PBXShellScriptBuildPhase section */
		33B995EFFB2E5717EA7BD908 /* [CP] Check Pods Manifest.lock */ = {
			isa = PBXShellScriptBuildPhase;
			buildActionMask = 2147483647;
			files = (
			);
			inputPaths = (
			);
			name = "[CP] Check Pods Manifest.lock";
			outputPaths = (
			);
			runOnlyForDeploymentPostprocessing = 0;
			shellPath = /bin/sh;
			shellScript = "diff \"${PODS_ROOT}/../Podfile.lock\" \"${PODS_ROOT}/Manifest.lock\" > /dev/null\nif [[ $? != 0 ]] ; then\n    cat << EOM\nerror: The sandbox is not in sync with the Podfile.lock. Run 'pod install' or update your CocoaPods installation.\nEOM\n    exit 1\nfi\n";
			showEnvVarsInLog = 0;
		};
		821CFA494C7D7DFFFF28F1BA /* [CP] Embed Pods Frameworks */ = {
			isa = PBXShellScriptBuildPhase;
			buildActionMask = 2147483647;
			files = (
			);
			inputPaths = (
			);
			name = "[CP] Embed Pods Frameworks";
			outputPaths = (
			);
			runOnlyForDeploymentPostprocessing = 0;
			shellPath = /bin/sh;
			shellScript = "\"${SRCROOT}/Pods/Target Support Files/Pods-GuideOfLol/Pods-GuideOfLol-frameworks.sh\"\n";
			showEnvVarsInLog = 0;
		};
		D8770F3FACDBEDB689F7FF0F /* [CP] Copy Pods Resources */ = {
			isa = PBXShellScriptBuildPhase;
			buildActionMask = 2147483647;
			files = (
			);
			inputPaths = (
			);
			name = "[CP] Copy Pods Resources";
			outputPaths = (
			);
			runOnlyForDeploymentPostprocessing = 0;
			shellPath = /bin/sh;
			shellScript = "\"${SRCROOT}/Pods/Target Support Files/Pods-GuideOfLol/Pods-GuideOfLol-resources.sh\"\n";
			showEnvVarsInLog = 0;
		};
/* End PBXShellScriptBuildPhase section */

/* Begin PBXSourcesBuildPhase section */
		8423747E1D5083F900FFFE04 /* Sources */ = {
			isa = PBXSourcesBuildPhase;
			buildActionMask = 2147483647;
			files = (
				C784EA9B1D52FDCD003F930C /* MasterTableVC.swift in Sources */,
				84E6D32F1D58323D002D9F11 /* CustomCollectionViewCell.swift in Sources */,
				847767FE1D5437D2006E6E2B /* StatsDto.swift in Sources */,
				847768021D54381E006E6E2B /* SkinDto.swift in Sources */,
				8475AEA81D5196B900FECC5D /* ChampionDto.swift in Sources */,
				847768041D544562006E6E2B /* OverviewController.swift in Sources */,
				847768001D5437F9006E6E2B /* ChampionSpellDto.swift in Sources */,
				842374861D5083F900FFFE04 /* AppDelegate.swift in Sources */,
				84908A8D1D5585CB00335C90 /* StatsViewController.swift in Sources */,
				84908A8F1D558FE400335C90 /* ViewController.swift in Sources */,
				847768061D545661006E6E2B /* SpellsController.swift in Sources */,
				84617E931D55D26B00B4A627 /* CustomTableViewCell.swift in Sources */,
				84E6D3311D58329B002D9F11 /* SkinsController.swift in Sources */,
				C79957041D51AA0300F4615D /* InfoDto.swift in Sources */,
				84D94DD81D51E79B0012D8C8 /* CellItem.swift in Sources */,
				C79957021D51A9CA00F4615D /* ImageDto.swift in Sources */,
			);
			runOnlyForDeploymentPostprocessing = 0;
		};
/* End PBXSourcesBuildPhase section */

/* Begin PBXVariantGroup section */
		842374891D5083FA00FFFE04 /* Main.storyboard */ = {
			isa = PBXVariantGroup;
			children = (
				8423748A1D5083FA00FFFE04 /* Base */,
			);
			name = Main.storyboard;
			sourceTree = "<group>";
		};
		8423748E1D5083FA00FFFE04 /* LaunchScreen.storyboard */ = {
			isa = PBXVariantGroup;
			children = (
				8423748F1D5083FA00FFFE04 /* Base */,
			);
			name = LaunchScreen.storyboard;
			sourceTree = "<group>";
		};
/* End PBXVariantGroup section */

/* Begin XCBuildConfiguration section */
		842374921D5083FA00FFFE04 /* Debug */ = {
			isa = XCBuildConfiguration;
			buildSettings = {
				ALWAYS_SEARCH_USER_PATHS = NO;
				CLANG_ANALYZER_NONNULL = YES;
				CLANG_CXX_LANGUAGE_STANDARD = "gnu++0x";
				CLANG_CXX_LIBRARY = "libc++";
				CLANG_ENABLE_MODULES = YES;
				CLANG_ENABLE_OBJC_ARC = YES;
				CLANG_WARN_BOOL_CONVERSION = YES;
				CLANG_WARN_CONSTANT_CONVERSION = YES;
				CLANG_WARN_DIRECT_OBJC_ISA_USAGE = YES_ERROR;
				CLANG_WARN_EMPTY_BODY = YES;
				CLANG_WARN_ENUM_CONVERSION = YES;
				CLANG_WARN_INT_CONVERSION = YES;
				CLANG_WARN_OBJC_ROOT_CLASS = YES_ERROR;
				CLANG_WARN_UNREACHABLE_CODE = YES;
				CLANG_WARN__DUPLICATE_METHOD_MATCH = YES;
				"CODE_SIGN_IDENTITY[sdk=iphoneos*]" = "iPhone Developer";
				COPY_PHASE_STRIP = NO;
				DEBUG_INFORMATION_FORMAT = dwarf;
				ENABLE_STRICT_OBJC_MSGSEND = YES;
				ENABLE_TESTABILITY = YES;
				GCC_C_LANGUAGE_STANDARD = gnu99;
				GCC_DYNAMIC_NO_PIC = NO;
				GCC_NO_COMMON_BLOCKS = YES;
				GCC_OPTIMIZATION_LEVEL = 0;
				GCC_PREPROCESSOR_DEFINITIONS = (
					"DEBUG=1",
					"$(inherited)",
				);
				GCC_WARN_64_TO_32_BIT_CONVERSION = YES;
				GCC_WARN_ABOUT_RETURN_TYPE = YES_ERROR;
				GCC_WARN_UNDECLARED_SELECTOR = YES;
				GCC_WARN_UNINITIALIZED_AUTOS = YES_AGGRESSIVE;
				GCC_WARN_UNUSED_FUNCTION = YES;
				GCC_WARN_UNUSED_VARIABLE = YES;
				IPHONEOS_DEPLOYMENT_TARGET = 9.3;
				MTL_ENABLE_DEBUG_INFO = YES;
				ONLY_ACTIVE_ARCH = YES;
				SDKROOT = iphoneos;
				SWIFT_OPTIMIZATION_LEVEL = "-Onone";
			};
			name = Debug;
		};
		842374931D5083FA00FFFE04 /* Release */ = {
			isa = XCBuildConfiguration;
			buildSettings = {
				ALWAYS_SEARCH_USER_PATHS = NO;
				CLANG_ANALYZER_NONNULL = YES;
				CLANG_CXX_LANGUAGE_STANDARD = "gnu++0x";
				CLANG_CXX_LIBRARY = "libc++";
				CLANG_ENABLE_MODULES = YES;
				CLANG_ENABLE_OBJC_ARC = YES;
				CLANG_WARN_BOOL_CONVERSION = YES;
				CLANG_WARN_CONSTANT_CONVERSION = YES;
				CLANG_WARN_DIRECT_OBJC_ISA_USAGE = YES_ERROR;
				CLANG_WARN_EMPTY_BODY = YES;
				CLANG_WARN_ENUM_CONVERSION = YES;
				CLANG_WARN_INT_CONVERSION = YES;
				CLANG_WARN_OBJC_ROOT_CLASS = YES_ERROR;
				CLANG_WARN_UNREACHABLE_CODE = YES;
				CLANG_WARN__DUPLICATE_METHOD_MATCH = YES;
				"CODE_SIGN_IDENTITY[sdk=iphoneos*]" = "iPhone Developer";
				COPY_PHASE_STRIP = NO;
				DEBUG_INFORMATION_FORMAT = "dwarf-with-dsym";
				ENABLE_NS_ASSERTIONS = NO;
				ENABLE_STRICT_OBJC_MSGSEND = YES;
				GCC_C_LANGUAGE_STANDARD = gnu99;
				GCC_NO_COMMON_BLOCKS = YES;
				GCC_WARN_64_TO_32_BIT_CONVERSION = YES;
				GCC_WARN_ABOUT_RETURN_TYPE = YES_ERROR;
				GCC_WARN_UNDECLARED_SELECTOR = YES;
				GCC_WARN_UNINITIALIZED_AUTOS = YES_AGGRESSIVE;
				GCC_WARN_UNUSED_FUNCTION = YES;
				GCC_WARN_UNUSED_VARIABLE = YES;
				IPHONEOS_DEPLOYMENT_TARGET = 9.3;
				MTL_ENABLE_DEBUG_INFO = NO;
				SDKROOT = iphoneos;
				VALIDATE_PRODUCT = YES;
			};
			name = Release;
		};
		842374951D5083FA00FFFE04 /* Debug */ = {
			isa = XCBuildConfiguration;
			baseConfigurationReference = 6C2A01A8180BB4EF966BBF37 /* Pods-GuideOfLol.debug.xcconfig */;
			buildSettings = {
				ASSETCATALOG_COMPILER_APPICON_NAME = AppIcon;
				INFOPLIST_FILE = GuideOfLol/Info.plist;
				LD_RUNPATH_SEARCH_PATHS = "$(inherited) @executable_path/Frameworks";
				PRODUCT_BUNDLE_IDENTIFIER = vn.teachmaster.GuideOfLol;
				PRODUCT_NAME = "$(TARGET_NAME)";
			};
			name = Debug;
		};
		842374961D5083FA00FFFE04 /* Release */ = {
			isa = XCBuildConfiguration;
			baseConfigurationReference = 133DFCFB0CFCCB02A0D57EF8 /* Pods-GuideOfLol.release.xcconfig */;
			buildSettings = {
				ASSETCATALOG_COMPILER_APPICON_NAME = AppIcon;
				INFOPLIST_FILE = GuideOfLol/Info.plist;
				LD_RUNPATH_SEARCH_PATHS = "$(inherited) @executable_path/Frameworks";
				PRODUCT_BUNDLE_IDENTIFIER = vn.teachmaster.GuideOfLol;
				PRODUCT_NAME = "$(TARGET_NAME)";
			};
			name = Release;
		};
/* End XCBuildConfiguration section */

/* Begin XCConfigurationList section */
		8423747D1D5083F900FFFE04 /* Build configuration list for PBXProject "GuideOfLol" */ = {
			isa = XCConfigurationList;
			buildConfigurations = (
				842374921D5083FA00FFFE04 /* Debug */,
				842374931D5083FA00FFFE04 /* Release */,
			);
			defaultConfigurationIsVisible = 0;
			defaultConfigurationName = Release;
		};
		842374941D5083FA00FFFE04 /* Build configuration list for PBXNativeTarget "GuideOfLol" */ = {
			isa = XCConfigurationList;
			buildConfigurations = (
				842374951D5083FA00FFFE04 /* Debug */,
				842374961D5083FA00FFFE04 /* Release */,
			);
			defaultConfigurationIsVisible = 0;
			defaultConfigurationName = Release;
		};
/* End XCConfigurationList section */
	};
	rootObject = 8423747A1D5083F900FFFE04 /* Project object */;
}
